
Microsoft Visual Studio Solution File, Format Version 12.00
# Visual Studio Version 17
VisualStudioVersion = 17.1.32421.90
MinimumVisualStudioVersion = 10.0.40219.1
Project("{FAE04EC0-301F-11D3-BF4B-00C04F79EFBC}") = "AlgorythmsAndComplexity", "AlgorythmsAndComplexity.csproj", "{57407EBF-691A-445C-8BEB-193C91BB8992}"
EndProject
Global
	GlobalSection(SolutionConfigurationPlatforms) = preSolution
		Debug|Any CPU = Debug|Any CPU
		Release|Any CPU = Release|Any CPU
	EndGlobalSection
	GlobalSection(ProjectConfigurationPlatforms) = postSolution
		{57407EBF-691A-445C-8BEB-193C91BB8992}.Debug|Any CPU.ActiveCfg = Debug|Any CPU
		{57407EBF-691A-445C-8BEB-193C91BB8992}.Debug|Any CPU.Build.0 = Debug|Any CPU
		{57407EBF-691A-445C-8BEB-193C91BB8992}.Release|Any CPU.ActiveCfg = Release|Any CPU
		{57407EBF-691A-445C-8BEB-193C91BB8992}.Release|Any CPU.Build.0 = Release|Any CPU
	EndGlobalSection
	GlobalSection(SolutionProperties) = preSolution
		HideSolutionNode = FALSE
	EndGlobalSection
	GlobalSection(ExtensibilityGlobals) = postSolution
		SolutionGuid = {741F5C48-D997-49B1-894A-4EEDB22641B8}
	EndGlobalSection
EndGlobal
